
Microsoft Visual Studio Solution File, Format Version 12.00
# Visual Studio Version 17
VisualStudioVersion = 17.2.32526.322
MinimumVisualStudioVersion = 10.0.40219.1
Project("{FAE04EC0-301F-11D3-BF4B-00C04F79EFBC}") = "Recursividade", "Recursividade\Recursividade.csproj", "{EAF8F5D2-CE9F-40DE-96E7-0A97CAF2B156}"
EndProject
Global
	GlobalSection(SolutionConfigurationPlatforms) = preSolution
		Debug|Any CPU = Debug|Any CPU
		Release|Any CPU = Release|Any CPU
	EndGlobalSection
	GlobalSection(ProjectConfigurationPlatforms) = postSolution
		{EAF8F5D2-CE9F-40DE-96E7-0A97CAF2B156}.Debug|Any CPU.ActiveCfg = Debug|Any CPU
		{EAF8F5D2-CE9F-40DE-96E7-0A97CAF2B156}.Debug|Any CPU.Build.0 = Debug|Any CPU
		{EAF8F5D2-CE9F-40DE-96E7-0A97CAF2B156}.Release|Any CPU.ActiveCfg = Release|Any CPU
		{EAF8F5D2-CE9F-40DE-96E7-0A97CAF2B156}.Release|Any CPU.Build.0 = Release|Any CPU
	EndGlobalSection
	GlobalSection(SolutionProperties) = preSolution
		HideSolutionNode = FALSE
	EndGlobalSection
	GlobalSection(ExtensibilityGlobals) = postSolution
		SolutionGuid = {14C6BAE1-0882-4F17-9CAB-D424C5A5D73F}
	EndGlobalSection
EndGlobal
