
Microsoft Visual Studio Solution File, Format Version 12.00
# Visual Studio Version 17
VisualStudioVersion = 17.2.32526.322
MinimumVisualStudioVersion = 10.0.40219.1
Project("{FAE04EC0-301F-11D3-BF4B-00C04F79EFBC}") = "Media Geral", "Media Geral\Media Geral.csproj", "{C43BD8E8-370A-43BE-AC8F-4DF1C1DD2ED8}"
EndProject
Global
	GlobalSection(SolutionConfigurationPlatforms) = preSolution
		Debug|Any CPU = Debug|Any CPU
		Release|Any CPU = Release|Any CPU
	EndGlobalSection
	GlobalSection(ProjectConfigurationPlatforms) = postSolution
		{C43BD8E8-370A-43BE-AC8F-4DF1C1DD2ED8}.Debug|Any CPU.ActiveCfg = Debug|Any CPU
		{C43BD8E8-370A-43BE-AC8F-4DF1C1DD2ED8}.Debug|Any CPU.Build.0 = Debug|Any CPU
		{C43BD8E8-370A-43BE-AC8F-4DF1C1DD2ED8}.Release|Any CPU.ActiveCfg = Release|Any CPU
		{C43BD8E8-370A-43BE-AC8F-4DF1C1DD2ED8}.Release|Any CPU.Build.0 = Release|Any CPU
	EndGlobalSection
	GlobalSection(SolutionProperties) = preSolution
		HideSolutionNode = FALSE
	EndGlobalSection
	GlobalSection(ExtensibilityGlobals) = postSolution
		SolutionGuid = {27256E1C-54C1-4125-84C2-4F2BB9FCF265}
	EndGlobalSection
EndGlobal
