
Microsoft Visual Studio Solution File, Format Version 12.00
# Visual Studio Version 17
VisualStudioVersion = 17.2.32526.322
MinimumVisualStudioVersion = 10.0.40219.1
Project("{FAE04EC0-301F-11D3-BF4B-00C04F79EFBC}") = "Entrada e Saída", "Entrada e Saída\Entrada e Saída.csproj", "{04BC8424-549B-4B88-8559-B3CABB921C01}"
EndProject
Global
	GlobalSection(SolutionConfigurationPlatforms) = preSolution
		Debug|Any CPU = Debug|Any CPU
		Release|Any CPU = Release|Any CPU
	EndGlobalSection
	GlobalSection(ProjectConfigurationPlatforms) = postSolution
		{04BC8424-549B-4B88-8559-B3CABB921C01}.Debug|Any CPU.ActiveCfg = Debug|Any CPU
		{04BC8424-549B-4B88-8559-B3CABB921C01}.Debug|Any CPU.Build.0 = Debug|Any CPU
		{04BC8424-549B-4B88-8559-B3CABB921C01}.Release|Any CPU.ActiveCfg = Release|Any CPU
		{04BC8424-549B-4B88-8559-B3CABB921C01}.Release|Any CPU.Build.0 = Release|Any CPU
	EndGlobalSection
	GlobalSection(SolutionProperties) = preSolution
		HideSolutionNode = FALSE
	EndGlobalSection
	GlobalSection(ExtensibilityGlobals) = postSolution
		SolutionGuid = {45B0DFA8-BD75-4E92-A04B-896B79931BA2}
	EndGlobalSection
EndGlobal
