
Microsoft Visual Studio Solution File, Format Version 12.00
# Visual Studio Version 17
VisualStudioVersion = 17.2.32526.322
MinimumVisualStudioVersion = 10.0.40219.1
Project("{FAE04EC0-301F-11D3-BF4B-00C04F79EFBC}") = "Bank Roulette", "Bank Roulette\Bank Roulette.csproj", "{0E08B255-EA8C-4CEA-B39D-1C544B79978C}"
EndProject
Global
	GlobalSection(SolutionConfigurationPlatforms) = preSolution
		Debug|Any CPU = Debug|Any CPU
		Release|Any CPU = Release|Any CPU
	EndGlobalSection
	GlobalSection(ProjectConfigurationPlatforms) = postSolution
		{0E08B255-EA8C-4CEA-B39D-1C544B79978C}.Debug|Any CPU.ActiveCfg = Debug|Any CPU
		{0E08B255-EA8C-4CEA-B39D-1C544B79978C}.Debug|Any CPU.Build.0 = Debug|Any CPU
		{0E08B255-EA8C-4CEA-B39D-1C544B79978C}.Release|Any CPU.ActiveCfg = Release|Any CPU
		{0E08B255-EA8C-4CEA-B39D-1C544B79978C}.Release|Any CPU.Build.0 = Release|Any CPU
	EndGlobalSection
	GlobalSection(SolutionProperties) = preSolution
		HideSolutionNode = FALSE
	EndGlobalSection
	GlobalSection(ExtensibilityGlobals) = postSolution
		SolutionGuid = {DCDE23CE-4E64-45EF-8670-5911EF4EAFE1}
	EndGlobalSection
EndGlobal
