
Microsoft Visual Studio Solution File, Format Version 12.00
# Visual Studio Version 17
VisualStudioVersion = 17.2.32526.322
MinimumVisualStudioVersion = 10.0.40219.1
Project("{FAE04EC0-301F-11D3-BF4B-00C04F79EFBC}") = "ClassesObjetos", "ClassesObjetos\ClassesObjetos.csproj", "{EEDE1826-C461-49A6-900C-7DB83F6AE31F}"
EndProject
Global
	GlobalSection(SolutionConfigurationPlatforms) = preSolution
		Debug|Any CPU = Debug|Any CPU
		Release|Any CPU = Release|Any CPU
	EndGlobalSection
	GlobalSection(ProjectConfigurationPlatforms) = postSolution
		{EEDE1826-C461-49A6-900C-7DB83F6AE31F}.Debug|Any CPU.ActiveCfg = Debug|Any CPU
		{EEDE1826-C461-49A6-900C-7DB83F6AE31F}.Debug|Any CPU.Build.0 = Debug|Any CPU
		{EEDE1826-C461-49A6-900C-7DB83F6AE31F}.Release|Any CPU.ActiveCfg = Release|Any CPU
		{EEDE1826-C461-49A6-900C-7DB83F6AE31F}.Release|Any CPU.Build.0 = Release|Any CPU
	EndGlobalSection
	GlobalSection(SolutionProperties) = preSolution
		HideSolutionNode = FALSE
	EndGlobalSection
	GlobalSection(ExtensibilityGlobals) = postSolution
		SolutionGuid = {B59B4178-7C5F-4B16-9CA3-C06C14C892EF}
	EndGlobalSection
EndGlobal
