
Microsoft Visual Studio Solution File, Format Version 12.00
# Visual Studio Version 17
VisualStudioVersion = 17.2.32526.322
MinimumVisualStudioVersion = 10.0.40219.1
Project("{FAE04EC0-301F-11D3-BF4B-00C04F79EFBC}") = "Programacao Orientada a Objeto", "Programacao Orientada a Objeto\Programacao Orientada a Objeto.csproj", "{748F97A2-6E2F-4FBE-B366-93AF59CBF04D}"
EndProject
Project("{FAE04EC0-301F-11D3-BF4B-00C04F79EFBC}") = "MetodosDasClasses", "MetodosDasClasses\MetodosDasClasses.csproj", "{11AA31BF-0DE6-4900-A2EA-946BD8F16D33}"
EndProject
Project("{FAE04EC0-301F-11D3-BF4B-00C04F79EFBC}") = "Thisign", "Thisign\Thisign.csproj", "{F043A995-F14B-4D62-AE63-B3A6842F23BD}"
EndProject
Project("{FAE04EC0-301F-11D3-BF4B-00C04F79EFBC}") = "Delegate", "Delegate\Delegate.csproj", "{5413D467-759E-497D-8E1B-5B9FC3A66713}"
EndProject
Project("{FAE04EC0-301F-11D3-BF4B-00C04F79EFBC}") = "MetodoConstrutor", "..\ClassesObjetos\ClassesObjetos\MetodoConstrutor.csproj", "{EEDE1826-C461-49A6-900C-7DB83F6AE31F}"
EndProject
Project("{FAE04EC0-301F-11D3-BF4B-00C04F79EFBC}") = "Estaticas", "Estaticas\Estaticas.csproj", "{5FC66059-07F9-4254-AAB8-15A6C7366D99}"
EndProject
Project("{FAE04EC0-301F-11D3-BF4B-00C04F79EFBC}") = "Propriedades", "Propriedades\Propriedades.csproj", "{03C5E780-544F-48C2-87C5-6D18903E3B6B}"
EndProject
Project("{FAE04EC0-301F-11D3-BF4B-00C04F79EFBC}") = "Encapsulamento", "Encapsulamento\Encapsulamento.csproj", "{20960602-B004-4186-A218-D177BB4D0542}"
EndProject
Project("{FAE04EC0-301F-11D3-BF4B-00C04F79EFBC}") = "Heranca", "Heranca\Heranca.csproj", "{77D20375-415E-4DC5-A851-CCA24B716F16}"
EndProject
Project("{FAE04EC0-301F-11D3-BF4B-00C04F79EFBC}") = "Modificadores", "Modificadores\Modificadores.csproj", "{9EC9A135-C095-45F8-8440-95DC0ECB61C7}"
EndProject
Project("{FAE04EC0-301F-11D3-BF4B-00C04F79EFBC}") = "Polimorfismo", "Polimorfismo\Polimorfismo.csproj", "{35AA3918-FDFD-4850-91A2-AFFE0536C01F}"
EndProject
Global
	GlobalSection(SolutionConfigurationPlatforms) = preSolution
		Debug|Any CPU = Debug|Any CPU
		Release|Any CPU = Release|Any CPU
	EndGlobalSection
	GlobalSection(ProjectConfigurationPlatforms) = postSolution
		{748F97A2-6E2F-4FBE-B366-93AF59CBF04D}.Debug|Any CPU.ActiveCfg = Debug|Any CPU
		{748F97A2-6E2F-4FBE-B366-93AF59CBF04D}.Debug|Any CPU.Build.0 = Debug|Any CPU
		{748F97A2-6E2F-4FBE-B366-93AF59CBF04D}.Release|Any CPU.ActiveCfg = Release|Any CPU
		{748F97A2-6E2F-4FBE-B366-93AF59CBF04D}.Release|Any CPU.Build.0 = Release|Any CPU
		{11AA31BF-0DE6-4900-A2EA-946BD8F16D33}.Debug|Any CPU.ActiveCfg = Debug|Any CPU
		{11AA31BF-0DE6-4900-A2EA-946BD8F16D33}.Debug|Any CPU.Build.0 = Debug|Any CPU
		{11AA31BF-0DE6-4900-A2EA-946BD8F16D33}.Release|Any CPU.ActiveCfg = Release|Any CPU
		{11AA31BF-0DE6-4900-A2EA-946BD8F16D33}.Release|Any CPU.Build.0 = Release|Any CPU
		{F043A995-F14B-4D62-AE63-B3A6842F23BD}.Debug|Any CPU.ActiveCfg = Debug|Any CPU
		{F043A995-F14B-4D62-AE63-B3A6842F23BD}.Debug|Any CPU.Build.0 = Debug|Any CPU
		{F043A995-F14B-4D62-AE63-B3A6842F23BD}.Release|Any CPU.ActiveCfg = Release|Any CPU
		{F043A995-F14B-4D62-AE63-B3A6842F23BD}.Release|Any CPU.Build.0 = Release|Any CPU
		{5413D467-759E-497D-8E1B-5B9FC3A66713}.Debug|Any CPU.ActiveCfg = Debug|Any CPU
		{5413D467-759E-497D-8E1B-5B9FC3A66713}.Debug|Any CPU.Build.0 = Debug|Any CPU
		{5413D467-759E-497D-8E1B-5B9FC3A66713}.Release|Any CPU.ActiveCfg = Release|Any CPU
		{5413D467-759E-497D-8E1B-5B9FC3A66713}.Release|Any CPU.Build.0 = Release|Any CPU
		{EEDE1826-C461-49A6-900C-7DB83F6AE31F}.Debug|Any CPU.ActiveCfg = Debug|Any CPU
		{EEDE1826-C461-49A6-900C-7DB83F6AE31F}.Debug|Any CPU.Build.0 = Debug|Any CPU
		{EEDE1826-C461-49A6-900C-7DB83F6AE31F}.Release|Any CPU.ActiveCfg = Release|Any CPU
		{EEDE1826-C461-49A6-900C-7DB83F6AE31F}.Release|Any CPU.Build.0 = Release|Any CPU
		{5FC66059-07F9-4254-AAB8-15A6C7366D99}.Debug|Any CPU.ActiveCfg = Debug|Any CPU
		{5FC66059-07F9-4254-AAB8-15A6C7366D99}.Debug|Any CPU.Build.0 = Debug|Any CPU
		{5FC66059-07F9-4254-AAB8-15A6C7366D99}.Release|Any CPU.ActiveCfg = Release|Any CPU
		{5FC66059-07F9-4254-AAB8-15A6C7366D99}.Release|Any CPU.Build.0 = Release|Any CPU
		{03C5E780-544F-48C2-87C5-6D18903E3B6B}.Debug|Any CPU.ActiveCfg = Debug|Any CPU
		{03C5E780-544F-48C2-87C5-6D18903E3B6B}.Debug|Any CPU.Build.0 = Debug|Any CPU
		{03C5E780-544F-48C2-87C5-6D18903E3B6B}.Release|Any CPU.ActiveCfg = Release|Any CPU
		{03C5E780-544F-48C2-87C5-6D18903E3B6B}.Release|Any CPU.Build.0 = Release|Any CPU
		{20960602-B004-4186-A218-D177BB4D0542}.Debug|Any CPU.ActiveCfg = Debug|Any CPU
		{20960602-B004-4186-A218-D177BB4D0542}.Debug|Any CPU.Build.0 = Debug|Any CPU
		{20960602-B004-4186-A218-D177BB4D0542}.Release|Any CPU.ActiveCfg = Release|Any CPU
		{20960602-B004-4186-A218-D177BB4D0542}.Release|Any CPU.Build.0 = Release|Any CPU
		{77D20375-415E-4DC5-A851-CCA24B716F16}.Debug|Any CPU.ActiveCfg = Debug|Any CPU
		{77D20375-415E-4DC5-A851-CCA24B716F16}.Debug|Any CPU.Build.0 = Debug|Any CPU
		{77D20375-415E-4DC5-A851-CCA24B716F16}.Release|Any CPU.ActiveCfg = Release|Any CPU
		{77D20375-415E-4DC5-A851-CCA24B716F16}.Release|Any CPU.Build.0 = Release|Any CPU
		{9EC9A135-C095-45F8-8440-95DC0ECB61C7}.Debug|Any CPU.ActiveCfg = Debug|Any CPU
		{9EC9A135-C095-45F8-8440-95DC0ECB61C7}.Debug|Any CPU.Build.0 = Debug|Any CPU
		{9EC9A135-C095-45F8-8440-95DC0ECB61C7}.Release|Any CPU.ActiveCfg = Release|Any CPU
		{9EC9A135-C095-45F8-8440-95DC0ECB61C7}.Release|Any CPU.Build.0 = Release|Any CPU
		{35AA3918-FDFD-4850-91A2-AFFE0536C01F}.Debug|Any CPU.ActiveCfg = Debug|Any CPU
		{35AA3918-FDFD-4850-91A2-AFFE0536C01F}.Debug|Any CPU.Build.0 = Debug|Any CPU
		{35AA3918-FDFD-4850-91A2-AFFE0536C01F}.Release|Any CPU.ActiveCfg = Release|Any CPU
		{35AA3918-FDFD-4850-91A2-AFFE0536C01F}.Release|Any CPU.Build.0 = Release|Any CPU
	EndGlobalSection
	GlobalSection(SolutionProperties) = preSolution
		HideSolutionNode = FALSE
	EndGlobalSection
	GlobalSection(ExtensibilityGlobals) = postSolution
		SolutionGuid = {58963F5D-66C7-45A2-B638-9A009354A0B2}
	EndGlobalSection
EndGlobal
