
Microsoft Visual Studio Solution File, Format Version 12.00
# Visual Studio Version 17
VisualStudioVersion = 17.2.32526.322
MinimumVisualStudioVersion = 10.0.40219.1
Project("{FAE04EC0-301F-11D3-BF4B-00C04F79EFBC}") = "Variables", "Variables\Variables.csproj", "{C2EA403C-660D-4720-B2B7-4EE2FC7591DE}"
EndProject
Global
	GlobalSection(SolutionConfigurationPlatforms) = preSolution
		Debug|Any CPU = Debug|Any CPU
		Release|Any CPU = Release|Any CPU
	EndGlobalSection
	GlobalSection(ProjectConfigurationPlatforms) = postSolution
		{C2EA403C-660D-4720-B2B7-4EE2FC7591DE}.Debug|Any CPU.ActiveCfg = Debug|Any CPU
		{C2EA403C-660D-4720-B2B7-4EE2FC7591DE}.Debug|Any CPU.Build.0 = Debug|Any CPU
		{C2EA403C-660D-4720-B2B7-4EE2FC7591DE}.Release|Any CPU.ActiveCfg = Release|Any CPU
		{C2EA403C-660D-4720-B2B7-4EE2FC7591DE}.Release|Any CPU.Build.0 = Release|Any CPU
	EndGlobalSection
	GlobalSection(SolutionProperties) = preSolution
		HideSolutionNode = FALSE
	EndGlobalSection
	GlobalSection(ExtensibilityGlobals) = postSolution
		SolutionGuid = {21B66354-1BD5-446F-8A62-AA559C6E87E5}
	EndGlobalSection
EndGlobal
