
Microsoft Visual Studio Solution File, Format Version 12.00
# Visual Studio Version 17
VisualStudioVersion = 17.2.32526.322
MinimumVisualStudioVersion = 10.0.40219.1
Project("{FAE04EC0-301F-11D3-BF4B-00C04F79EFBC}") = "While", "While\While.csproj", "{638102C1-62D5-4E93-905B-1DD78446E890}"
EndProject
Global
	GlobalSection(SolutionConfigurationPlatforms) = preSolution
		Debug|Any CPU = Debug|Any CPU
		Release|Any CPU = Release|Any CPU
	EndGlobalSection
	GlobalSection(ProjectConfigurationPlatforms) = postSolution
		{638102C1-62D5-4E93-905B-1DD78446E890}.Debug|Any CPU.ActiveCfg = Debug|Any CPU
		{638102C1-62D5-4E93-905B-1DD78446E890}.Debug|Any CPU.Build.0 = Debug|Any CPU
		{638102C1-62D5-4E93-905B-1DD78446E890}.Release|Any CPU.ActiveCfg = Release|Any CPU
		{638102C1-62D5-4E93-905B-1DD78446E890}.Release|Any CPU.Build.0 = Release|Any CPU
	EndGlobalSection
	GlobalSection(SolutionProperties) = preSolution
		HideSolutionNode = FALSE
	EndGlobalSection
	GlobalSection(ExtensibilityGlobals) = postSolution
		SolutionGuid = {D566A1E9-BBBC-4546-BAB6-9DA3B891026A}
	EndGlobalSection
EndGlobal
