
Microsoft Visual Studio Solution File, Format Version 12.00
# Visual Studio Version 17
VisualStudioVersion = 17.2.32526.322
MinimumVisualStudioVersion = 10.0.40219.1
Project("{FAE04EC0-301F-11D3-BF4B-00C04F79EFBC}") = "Calculdora", "Calculdora\Calculdora.csproj", "{D1C830C0-041B-471F-8A32-755CC55FBE9C}"
EndProject
Global
	GlobalSection(SolutionConfigurationPlatforms) = preSolution
		Debug|Any CPU = Debug|Any CPU
		Release|Any CPU = Release|Any CPU
	EndGlobalSection
	GlobalSection(ProjectConfigurationPlatforms) = postSolution
		{D1C830C0-041B-471F-8A32-755CC55FBE9C}.Debug|Any CPU.ActiveCfg = Debug|Any CPU
		{D1C830C0-041B-471F-8A32-755CC55FBE9C}.Debug|Any CPU.Build.0 = Debug|Any CPU
		{D1C830C0-041B-471F-8A32-755CC55FBE9C}.Release|Any CPU.ActiveCfg = Release|Any CPU
		{D1C830C0-041B-471F-8A32-755CC55FBE9C}.Release|Any CPU.Build.0 = Release|Any CPU
	EndGlobalSection
	GlobalSection(SolutionProperties) = preSolution
		HideSolutionNode = FALSE
	EndGlobalSection
	GlobalSection(ExtensibilityGlobals) = postSolution
		SolutionGuid = {6CFD05A8-7B9D-4207-BAD4-30CC5AFF4384}
	EndGlobalSection
EndGlobal
